// !$*UTF8*$!
{
	archiveVersion = 1;
	classes = {
	};
	objectVersion = 46;
	objects = {

/* Begin PBXBuildFile section */
		6F882E7F1E8024DA009280E1 /* libsqlite3.tbd in Frameworks */ = {isa = PBXBuildFile; fileRef = 6F882E7E1E8024DA009280E1 /* libsqlite3.tbd */; };
		6F882E811E802514009280E1 /* libz.tbd in Frameworks */ = {isa = PBXBuildFile; fileRef = 6F882E801E802514009280E1 /* libz.tbd */; };
		6F882EA61E80345B009280E1 /* Security.framework in Frameworks */ = {isa = PBXBuildFile; fileRef = 6F882EA51E80345B009280E1 /* Security.framework */; };
		6F882EA81E803463009280E1 /* CFNetwork.framework in Frameworks */ = {isa = PBXBuildFile; fileRef = 6F882EA71E803463009280E1 /* CFNetwork.framework */; };
		6F882EAA1E80346D009280E1 /* CoreTelephony.framework in Frameworks */ = {isa = PBXBuildFile; fileRef = 6F882EA91E80346D009280E1 /* CoreTelephony.framework */; };
		6F882EAC1E803484009280E1 /* SystemConfiguration.framework in Frameworks */ = {isa = PBXBuildFile; fileRef = 6F882EAB1E803484009280E1 /* SystemConfiguration.framework */; };
		6F882EAD1E803C4A009280E1 /* libOpenLog.a in Frameworks */ = {isa = PBXBuildFile; fileRef = 6F882E821E802CCC009280E1 /* libOpenLog.a */; };
		6F8E65B21E7EE1C400CD6C69 /* SecondViewController.m in Sources */ = {isa = PBXBuildFile; fileRef = 6F8E65B11E7EE1C400CD6C69 /* SecondViewController.m */; };
		6F8E65B51E7EE1D300CD6C69 /* ThirdViewController.m in Sources */ = {isa = PBXBuildFile; fileRef = 6F8E65B41E7EE1D300CD6C69 /* ThirdViewController.m */; };
		6F8E65B81E7EE22F00CD6C69 /* ModelViewController.m in Sources */ = {isa = PBXBuildFile; fileRef = 6F8E65B71E7EE22F00CD6C69 /* ModelViewController.m */; };
		6FFDB0291E6F0718002553F0 /* main.m in Sources */ = {isa = PBXBuildFile; fileRef = 6FFDB0281E6F0718002553F0 /* main.m */; };
		6FFDB02C1E6F0718002553F0 /* AppDelegate.m in Sources */ = {isa = PBXBuildFile; fileRef = 6FFDB02B1E6F0718002553F0 /* AppDelegate.m */; };
		6FFDB02F1E6F0718002553F0 /* ViewController.m in Sources */ = {isa = PBXBuildFile; fileRef = 6FFDB02E1E6F0718002553F0 /* ViewController.m */; };
		6FFDB0321E6F0718002553F0 /* Main.storyboard in Resources */ = {isa = PBXBuildFile; fileRef = 6FFDB0301E6F0718002553F0 /* Main.storyboard */; };
		6FFDB0341E6F0718002553F0 /* Assets.xcassets in Resources */ = {isa = PBXBuildFile; fileRef = 6FFDB0331E6F0718002553F0 /* Assets.xcassets */; };
		6FFDB0371E6F0718002553F0 /* LaunchScreen.storyboard in Resources */ = {isa = PBXBuildFile; fileRef = 6FFDB0351E6F0718002553F0 /* LaunchScreen.storyboard */; };
/* End PBXBuildFile section */

/* Begin PBXFileReference section */
		6F882E7E1E8024DA009280E1 /* libsqlite3.tbd */ = {isa = PBXFileReference; lastKnownFileType = "sourcecode.text-based-dylib-definition"; name = libsqlite3.tbd; path = usr/lib/libsqlite3.tbd; sourceTree = SDKROOT; };
		6F882E801E802514009280E1 /* libz.tbd */ = {isa = PBXFileReference; lastKnownFileType = "sourcecode.text-based-dylib-definition"; name = libz.tbd; path = usr/lib/libz.tbd; sourceTree = SDKROOT; };
		6F882E821E802CCC009280E1 /* libOpenLog.a */ = {isa = PBXFileReference; lastKnownFileType = archive.ar; name = libOpenLog.a; path = "../../../../Library/Developer/Xcode/DerivedData/OpenLog-gnbatkaettjkcjavfhdvdhccbfaa/Build/Products/Debug-iphonesimulator/libOpenLog.a"; sourceTree = "<group>"; };
		6F882EA31E803401009280E1 /* libc++abi.tbd */ = {isa = PBXFileReference; lastKnownFileType = "sourcecode.text-based-dylib-definition"; name = "libc++abi.tbd"; path = "usr/lib/libc++abi.tbd"; sourceTree = SDKROOT; };
		6F882EA51E80345B009280E1 /* Security.framework */ = {isa = PBXFileReference; lastKnownFileType = wrapper.framework; name = Security.framework; path = System/Library/Frameworks/Security.framework; sourceTree = SDKROOT; };
		6F882EA71E803463009280E1 /* CFNetwork.framework */ = {isa = PBXFileReference; lastKnownFileType = wrapper.framework; name = CFNetwork.framework; path = System/Library/Frameworks/CFNetwork.framework; sourceTree = SDKROOT; };
		6F882EA91E80346D009280E1 /* CoreTelephony.framework */ = {isa = PBXFileReference; lastKnownFileType = wrapper.framework; name = CoreTelephony.framework; path = System/Library/Frameworks/CoreTelephony.framework; sourceTree = SDKROOT; };
		6F882EAB1E803484009280E1 /* SystemConfiguration.framework */ = {isa = PBXFileReference; lastKnownFileType = wrapper.framework; name = SystemConfiguration.framework; path = System/Library/Frameworks/SystemConfiguration.framework; sourceTree = SDKROOT; };
		6F8E65B01E7EE1C400CD6C69 /* SecondViewController.h */ = {isa = PBXFileReference; fileEncoding = 4; lastKnownFileType = sourcecode.c.h; path = SecondViewController.h; sourceTree = "<group>"; };
		6F8E65B11E7EE1C400CD6C69 /* SecondViewController.m */ = {isa = PBXFileReference; fileEncoding = 4; lastKnownFileType = sourcecode.c.objc; path = SecondViewController.m; sourceTree = "<group>"; };
		6F8E65B31E7EE1D300CD6C69 /* ThirdViewController.h */ = {isa = PBXFileReference; fileEncoding = 4; lastKnownFileType = sourcecode.c.h; path = ThirdViewController.h; sourceTree = "<group>"; };
		6F8E65B41E7EE1D300CD6C69 /* ThirdViewController.m */ = {isa = PBXFileReference; fileEncoding = 4; lastKnownFileType = sourcecode.c.objc; path = ThirdViewController.m; sourceTree = "<group>"; };
		6F8E65B61E7EE22F00CD6C69 /* ModelViewController.h */ = {isa = PBXFileReference; fileEncoding = 4; lastKnownFileType = sourcecode.c.h; path = ModelViewController.h; sourceTree = "<group>"; };
		6F8E65B71E7EE22F00CD6C69 /* ModelViewController.m */ = {isa = PBXFileReference; fileEncoding = 4; lastKnownFileType = sourcecode.c.objc; path = ModelViewController.m; sourceTree = "<group>"; };
		6FFDB0241E6F0718002553F0 /* OpenLogDemo.app */ = {isa = PBXFileReference; explicitFileType = wrapper.application; includeInIndex = 0; path = OpenLogDemo.app; sourceTree = BUILT_PRODUCTS_DIR; };
		6FFDB0281E6F0718002553F0 /* main.m */ = {isa = PBXFileReference; lastKnownFileType = sourcecode.c.objc; path = main.m; sourceTree = "<group>"; };
		6FFDB02A1E6F0718002553F0 /* AppDelegate.h */ = {isa = PBXFileReference; lastKnownFileType = sourcecode.c.h; path = AppDelegate.h; sourceTree = "<group>"; };
		6FFDB02B1E6F0718002553F0 /* AppDelegate.m */ = {isa = PBXFileReference; lastKnownFileType = sourcecode.c.objc; path = AppDelegate.m; sourceTree = "<group>"; };
		6FFDB02D1E6F0718002553F0 /* ViewController.h */ = {isa = PBXFileReference; lastKnownFileType = sourcecode.c.h; path = ViewController.h; sourceTree = "<group>"; };
		6FFDB02E1E6F0718002553F0 /* ViewController.m */ = {isa = PBXFileReference; lastKnownFileType = sourcecode.c.objc; path = ViewController.m; sourceTree = "<group>"; };
		6FFDB0311E6F0718002553F0 /* Base */ = {isa = PBXFileReference; lastKnownFileType = file.storyboard; name = Base; path = Base.lproj/Main.storyboard; sourceTree = "<group>"; };
		6FFDB0331E6F0718002553F0 /* Assets.xcassets */ = {isa = PBXFileReference; lastKnownFileType = folder.assetcatalog; path = Assets.xcassets; sourceTree = "<group>"; };
		6FFDB0361E6F0718002553F0 /* Base */ = {isa = PBXFileReference; lastKnownFileType = file.storyboard; name = Base; path = Base.lproj/LaunchScreen.storyboard; sourceTree = "<group>"; };
		6FFDB0381E6F0718002553F0 /* Info.plist */ = {isa = PBXFileReference; lastKnownFileType = text.plist.xml; path = Info.plist; sourceTree = "<group>"; };
		6FFDB03F1E6F077E002553F0 /* libOpenLog.a */ = {isa = PBXFileReference; lastKnownFileType = archive.ar; name = libOpenLog.a; path = "../OpenLog/build/Debug-iphoneos/libOpenLog.a"; sourceTree = "<group>"; };
/* End PBXFileReference section */

/* Begin PBXFrameworksBuildPhase section */
		6FFDB0211E6F0718002553F0 /* Frameworks */ = {
			isa = PBXFrameworksBuildPhase;
			buildActionMask = 2147483647;
			files = (
				6F882EAD1E803C4A009280E1 /* libOpenLog.a in Frameworks */,
				6F882EAC1E803484009280E1 /* SystemConfiguration.framework in Frameworks */,
				6F882EAA1E80346D009280E1 /* CoreTelephony.framework in Frameworks */,
				6F882EA81E803463009280E1 /* CFNetwork.framework in Frameworks */,
				6F882EA61E80345B009280E1 /* Security.framework in Frameworks */,
				6F882E811E802514009280E1 /* libz.tbd in Frameworks */,
				6F882E7F1E8024DA009280E1 /* libsqlite3.tbd in Frameworks */,
			);
			runOnlyForDeploymentPostprocessing = 0;
		};
/* End PBXFrameworksBuildPhase section */

/* Begin PBXGroup section */
		6FFDB01B1E6F0718002553F0 = {
			isa = PBXGroup;
			children = (
				6FFDB0261E6F0718002553F0 /* OpenLogDemo */,
				6FFDB0251E6F0718002553F0 /* Products */,
				6FFDB03E1E6F077E002553F0 /* Frameworks */,
			);
			sourceTree = "<group>";
		};
		6FFDB0251E6F0718002553F0 /* Products */ = {
			isa = PBXGroup;
			children = (
				6FFDB0241E6F0718002553F0 /* OpenLogDemo.app */,
			);
			name = Products;
			sourceTree = "<group>";
		};
		6FFDB0261E6F0718002553F0 /* OpenLogDemo */ = {
			isa = PBXGroup;
			children = (
				6FFDB02A1E6F0718002553F0 /* AppDelegate.h */,
				6FFDB02B1E6F0718002553F0 /* AppDelegate.m */,
				6FFDB02D1E6F0718002553F0 /* ViewController.h */,
				6FFDB02E1E6F0718002553F0 /* ViewController.m */,
				6F8E65B01E7EE1C400CD6C69 /* SecondViewController.h */,
				6F8E65B11E7EE1C400CD6C69 /* SecondViewController.m */,
				6F8E65B31E7EE1D300CD6C69 /* ThirdViewController.h */,
				6F8E65B41E7EE1D300CD6C69 /* ThirdViewController.m */,
				6F8E65B61E7EE22F00CD6C69 /* ModelViewController.h */,
				6F8E65B71E7EE22F00CD6C69 /* ModelViewController.m */,
				6FFDB0301E6F0718002553F0 /* Main.storyboard */,
				6FFDB0331E6F0718002553F0 /* Assets.xcassets */,
				6FFDB0351E6F0718002553F0 /* LaunchScreen.storyboard */,
				6FFDB0381E6F0718002553F0 /* Info.plist */,
				6FFDB0271E6F0718002553F0 /* Supporting Files */,
			);
			path = OpenLogDemo;
			sourceTree = "<group>";
		};
		6FFDB0271E6F0718002553F0 /* Supporting Files */ = {
			isa = PBXGroup;
			children = (
				6FFDB0281E6F0718002553F0 /* main.m */,
			);
			name = "Supporting Files";
			sourceTree = "<group>";
		};
		6FFDB03E1E6F077E002553F0 /* Frameworks */ = {
			isa = PBXGroup;
			children = (
				6F882EAB1E803484009280E1 /* SystemConfiguration.framework */,
				6F882EA91E80346D009280E1 /* CoreTelephony.framework */,
				6F882EA71E803463009280E1 /* CFNetwork.framework */,
				6F882EA51E80345B009280E1 /* Security.framework */,
				6F882EA31E803401009280E1 /* libc++abi.tbd */,
				6F882E821E802CCC009280E1 /* libOpenLog.a */,
				6F882E801E802514009280E1 /* libz.tbd */,
				6F882E7E1E8024DA009280E1 /* libsqlite3.tbd */,
				6FFDB03F1E6F077E002553F0 /* libOpenLog.a */,
			);
			name = Frameworks;
			sourceTree = "<group>";
		};
/* End PBXGroup section */

/* Begin PBXNativeTarget section */
		6FFDB0231E6F0718002553F0 /* OpenLogDemo */ = {
			isa = PBXNativeTarget;
			buildConfigurationList = 6FFDB03B1E6F0718002553F0 /* Build configuration list for PBXNativeTarget "OpenLogDemo" */;
			buildPhases = (
				6FFDB0201E6F0718002553F0 /* Sources */,
				6FFDB0211E6F0718002553F0 /* Frameworks */,
				6FFDB0221E6F0718002553F0 /* Resources */,
			);
			buildRules = (
			);
			dependencies = (
			);
			name = OpenLogDemo;
			productName = OpenLogDemo;
			productReference = 6FFDB0241E6F0718002553F0 /* OpenLogDemo.app */;
			productType = "com.apple.product-type.application";
		};
/* End PBXNativeTarget section */

/* Begin PBXProject section */
		6FFDB01C1E6F0718002553F0 /* Project object */ = {
			isa = PBXProject;
			attributes = {
				LastUpgradeCheck = 0820;
				ORGANIZATIONNAME = wentiertong.com;
				TargetAttributes = {
					6FFDB0231E6F0718002553F0 = {
						CreatedOnToolsVersion = 8.2;
						DevelopmentTeam = FX9DM28Q26;
						ProvisioningStyle = Automatic;
					};
				};
			};
			buildConfigurationList = 6FFDB01F1E6F0718002553F0 /* Build configuration list for PBXProject "OpenLogDemo" */;
			compatibilityVersion = "Xcode 3.2";
			developmentRegion = English;
			hasScannedForEncodings = 0;
			knownRegions = (
				en,
				Base,
			);
			mainGroup = 6FFDB01B1E6F0718002553F0;
			productRefGroup = 6FFDB0251E6F0718002553F0 /* Products */;
			projectDirPath = "";
			projectRoot = "";
			targets = (
				6FFDB0231E6F0718002553F0 /* OpenLogDemo */,
			);
		};
/* End PBXProject section */

/* Begin PBXResourcesBuildPhase section */
		6FFDB0221E6F0718002553F0 /* Resources */ = {
			isa = PBXResourcesBuildPhase;
			buildActionMask = 2147483647;
			files = (
				6FFDB0371E6F0718002553F0 /* LaunchScreen.storyboard in Resources */,
				6FFDB0341E6F0718002553F0 /* Assets.xcassets in Resources */,
				6FFDB0321E6F0718002553F0 /* Main.storyboard in Resources */,
			);
			runOnlyForDeploymentPostprocessing = 0;
		};
/* End PBXResourcesBuildPhase section */

/* Begin PBXSourcesBuildPhase section */
		6FFDB0201E6F0718002553F0 /* Sources */ = {
			isa = PBXSourcesBuildPhase;
			buildActionMask = 2147483647;
			files = (
				6F8E65B21E7EE1C400CD6C69 /* SecondViewController.m in Sources */,
				6F8E65B51E7EE1D300CD6C69 /* ThirdViewController.m in Sources */,
				6FFDB02F1E6F0718002553F0 /* ViewController.m in Sources */,
				6FFDB02C1E6F0718002553F0 /* AppDelegate.m in Sources */,
				6F8E65B81E7EE22F00CD6C69 /* ModelViewController.m in Sources */,
				6FFDB0291E6F0718002553F0 /* main.m in Sources */,
			);
			runOnlyForDeploymentPostprocessing = 0;
		};
/* End PBXSourcesBuildPhase section */

/* Begin PBXVariantGroup section */
		6FFDB0301E6F0718002553F0 /* Main.storyboard */ = {
			isa = PBXVariantGroup;
			children = (
				6FFDB0311E6F0718002553F0 /* Base */,
			);
			name = Main.storyboard;
			sourceTree = "<group>";
		};
		6FFDB0351E6F0718002553F0 /* LaunchScreen.storyboard */ = {
			isa = PBXVariantGroup;
			children = (
				6FFDB0361E6F0718002553F0 /* Base */,
			);
			name = LaunchScreen.storyboard;
			sourceTree = "<group>";
		};
/* End PBXVariantGroup section */

/* Begin XCBuildConfiguration section */
		6FFDB0391E6F0718002553F0 /* Debug */ = {
			isa = XCBuildConfiguration;
			buildSettings = {
				ALWAYS_SEARCH_USER_PATHS = NO;
				CLANG_ANALYZER_NONNULL = YES;
				CLANG_CXX_LANGUAGE_STANDARD = "gnu++0x";
				CLANG_CXX_LIBRARY = "libc++";
				CLANG_ENABLE_MODULES = YES;
				CLANG_ENABLE_OBJC_ARC = YES;
				CLANG_WARN_BOOL_CONVERSION = YES;
				CLANG_WARN_CONSTANT_CONVERSION = YES;
				CLANG_WARN_DIRECT_OBJC_ISA_USAGE = YES_ERROR;
				CLANG_WARN_DOCUMENTATION_COMMENTS = YES;
				CLANG_WARN_EMPTY_BODY = YES;
				CLANG_WARN_ENUM_CONVERSION = YES;
				CLANG_WARN_INFINITE_RECURSION = YES;
				CLANG_WARN_INT_CONVERSION = YES;
				CLANG_WARN_OBJC_ROOT_CLASS = YES_ERROR;
				CLANG_WARN_SUSPICIOUS_MOVE = YES;
				CLANG_WARN_UNREACHABLE_CODE = YES;
				CLANG_WARN__DUPLICATE_METHOD_MATCH = YES;
				"CODE_SIGN_IDENTITY[sdk=iphoneos*]" = "iPhone Developer";
				COPY_PHASE_STRIP = NO;
				DEBUG_INFORMATION_FORMAT = dwarf;
				ENABLE_STRICT_OBJC_MSGSEND = YES;
				ENABLE_TESTABILITY = YES;
				GCC_C_LANGUAGE_STANDARD = gnu99;
				GCC_DYNAMIC_NO_PIC = NO;
				GCC_NO_COMMON_BLOCKS = YES;
				GCC_OPTIMIZATION_LEVEL = 0;
				GCC_PREPROCESSOR_DEFINITIONS = (
					"DEBUG=1",
					"$(inherited)",
				);
				GCC_WARN_64_TO_32_BIT_CONVERSION = YES;
				GCC_WARN_ABOUT_RETURN_TYPE = YES_ERROR;
				GCC_WARN_UNDECLARED_SELECTOR = YES;
				GCC_WARN_UNINITIALIZED_AUTOS = YES_AGGRESSIVE;
				GCC_WARN_UNUSED_FUNCTION = YES;
				GCC_WARN_UNUSED_VARIABLE = YES;
				IPHONEOS_DEPLOYMENT_TARGET = 8.0;
				MTL_ENABLE_DEBUG_INFO = YES;
				ONLY_ACTIVE_ARCH = YES;
				SDKROOT = iphoneos;
				TARGETED_DEVICE_FAMILY = "1,2";
			};
			name = Debug;
		};
		6FFDB03A1E6F0718002553F0 /* Release */ = {
			isa = XCBuildConfiguration;
			buildSettings = {
				ALWAYS_SEARCH_USER_PATHS = NO;
				CLANG_ANALYZER_NONNULL = YES;
				CLANG_CXX_LANGUAGE_STANDARD = "gnu++0x";
				CLANG_CXX_LIBRARY = "libc++";
				CLANG_ENABLE_MODULES = YES;
				CLANG_ENABLE_OBJC_ARC = YES;
				CLANG_WARN_BOOL_CONVERSION = YES;
				CLANG_WARN_CONSTANT_CONVERSION = YES;
				CLANG_WARN_DIRECT_OBJC_ISA_USAGE = YES_ERROR;
				CLANG_WARN_DOCUMENTATION_COMMENTS = YES;
				CLANG_WARN_EMPTY_BODY = YES;
				CLANG_WARN_ENUM_CONVERSION = YES;
				CLANG_WARN_INFINITE_RECURSION = YES;
				CLANG_WARN_INT_CONVERSION = YES;
				CLANG_WARN_OBJC_ROOT_CLASS = YES_ERROR;
				CLANG_WARN_SUSPICIOUS_MOVE = YES;
				CLANG_WARN_UNREACHABLE_CODE = YES;
				CLANG_WARN__DUPLICATE_METHOD_MATCH = YES;
				"CODE_SIGN_IDENTITY[sdk=iphoneos*]" = "iPhone Developer";
				COPY_PHASE_STRIP = NO;
				DEBUG_INFORMATION_FORMAT = "dwarf-with-dsym";
				ENABLE_NS_ASSERTIONS = NO;
				ENABLE_STRICT_OBJC_MSGSEND = YES;
				GCC_C_LANGUAGE_STANDARD = gnu99;
				GCC_NO_COMMON_BLOCKS = YES;
				GCC_WARN_64_TO_32_BIT_CONVERSION = YES;
				GCC_WARN_ABOUT_RETURN_TYPE = YES_ERROR;
				GCC_WARN_UNDECLARED_SELECTOR = YES;
				GCC_WARN_UNINITIALIZED_AUTOS = YES_AGGRESSIVE;
				GCC_WARN_UNUSED_FUNCTION = YES;
				GCC_WARN_UNUSED_VARIABLE = YES;
				IPHONEOS_DEPLOYMENT_TARGET = 8.0;
				MTL_ENABLE_DEBUG_INFO = NO;
				SDKROOT = iphoneos;
				TARGETED_DEVICE_FAMILY = "1,2";
				VALIDATE_PRODUCT = YES;
			};
			name = Release;
		};
		6FFDB03C1E6F0718002553F0 /* Debug */ = {
			isa = XCBuildConfiguration;
			buildSettings = {
				ASSETCATALOG_COMPILER_APPICON_NAME = AppIcon;
				DEVELOPMENT_TEAM = FX9DM28Q26;
				INFOPLIST_FILE = OpenLogDemo/Info.plist;
				LD_RUNPATH_SEARCH_PATHS = "$(inherited) @executable_path/Frameworks";
				PRODUCT_BUNDLE_IDENTIFIER = com.wentiertong.OpenLogDemo;
				PRODUCT_NAME = "$(TARGET_NAME)";
				TARGETED_DEVICE_FAMILY = "1,2";
				USER_HEADER_SEARCH_PATHS = "$(BUILT_PRODUCTS_DIR)/**";
			};
			name = Debug;
		};
		6FFDB03D1E6F0718002553F0 /* Release */ = {
			isa = XCBuildConfiguration;
			buildSettings = {
				ASSETCATALOG_COMPILER_APPICON_NAME = AppIcon;
				DEVELOPMENT_TEAM = FX9DM28Q26;
				INFOPLIST_FILE = OpenLogDemo/Info.plist;
				LD_RUNPATH_SEARCH_PATHS = "$(inherited) @executable_path/Frameworks";
				PRODUCT_BUNDLE_IDENTIFIER = com.wentiertong.OpenLogDemo;
				PRODUCT_NAME = "$(TARGET_NAME)";
				TARGETED_DEVICE_FAMILY = "1,2";
				USER_HEADER_SEARCH_PATHS = "$(BUILT_PRODUCTS_DIR)/**";
			};
			name = Release;
		};
/* End XCBuildConfiguration section */

/* Begin XCConfigurationList section */
		6FFDB01F1E6F0718002553F0 /* Build configuration list for PBXProject "OpenLogDemo" */ = {
			isa = XCConfigurationList;
			buildConfigurations = (
				6FFDB0391E6F0718002553F0 /* Debug */,
				6FFDB03A1E6F0718002553F0 /* Release */,
			);
			defaultConfigurationIsVisible = 0;
			defaultConfigurationName = Release;
		};
		6FFDB03B1E6F0718002553F0 /* Build configuration list for PBXNativeTarget "OpenLogDemo" */ = {
			isa = XCConfigurationList;
			buildConfigurations = (
				6FFDB03C1E6F0718002553F0 /* Debug */,
				6FFDB03D1E6F0718002553F0 /* Release */,
			);
			defaultConfigurationIsVisible = 0;
			defaultConfigurationName = Release;
		};
/* End XCConfigurationList section */
	};
	rootObject = 6FFDB01C1E6F0718002553F0 /* Project object */;
}
